[[package]]
name = "autopep8"
version = "1.6.0"
description = "A tool that automatically formats Python code to conform to the PEP 8 style guide"
category = "dev"
optional = false
python-versions = "*"

[package.dependencies]
pycodestyle = ">=2.8.0"
toml = "*"

[[package]]
name = "cffi"
version = "1.15.0"
description = "Foreign Function Interface for Python calling C code."
category = "main"
optional = false
python-versions = "*"

[package.dependencies]
pycparser = "*"

[[package]]
name = "py"
version = "1.11.0"
description = "library with cross-python path, ini-parsing, io, code, log facilities"
category = "main"
optional = false
python-versions = ">=2.7, !=3.0.*, !=3.1.*, !=3.2.*, !=3.3.*, !=3.4.*"

[[package]]
name = "pycodestyle"
version = "2.8.0"
description = "Python style guide checker"
category = "dev"
optional = false
python-versions = ">=2.7, !=3.0.*, !=3.1.*, !=3.2.*, !=3.3.*, !=3.4.*"

[[package]]
name = "pycparser"
version = "2.21"
description = "C parser in Python"
category = "main"
optional = false
python-versions = ">=2.7, !=3.0.*, !=3.1.*, !=3.2.*, !=3.3.*"

[[package]]
name = "pyzmq"
version = "23.1.0"
description = "Python bindings for 0MQ"
category = "main"
optional = false
python-versions = ">=3.6"

[package.dependencies]
cffi = {version = "*", markers = "implementation_name == \"pypy\""}
py = {version = "*", markers = "implementation_name == \"pypy\""}

[[package]]
name = "toml"
version = "0.10.2"
description = "Python Library for Tom's Obvious, Minimal Language"
category = "dev"
optional = false
python-versions = ">=2.6, !=3.0.*, !=3.1.*, !=3.2.*"

[metadata]
lock-version = "1.1"
python-versions = "^3.10"
content-hash = "c0ce9fc2dc40d43c1cabd533e16023cc89aae26eeef9f3fe94b02288109ffdfd"

[metadata.files]
autopep8 = [
    {file = "autopep8-1.6.0-py2.py3-none-any.whl", hash = "sha256:ed77137193bbac52d029a52c59bec1b0629b5a186c495f1eb21b126ac466083f"},
    {file = "autopep8-1.6.0.tar.gz", hash = "sha256:44f0932855039d2c15c4510d6df665e4730f2b8582704fa48f9c55bd3e17d979"},
]
cffi = [
    {file = "cffi-1.15.0-cp27-cp27m-macosx_10_9_x86_64.whl", hash = "sha256:c2502a1a03b6312837279c8c1bd3ebedf6c12c4228ddbad40912d671ccc8a962"},
    {file = "cffi-1.15.0-cp27-cp27m-manylinux1_i686.whl", hash = "sha256:23cfe892bd5dd8941608f93348c0737e369e51c100d03718f108bf1add7bd6d0"},
    {file = "cffi-1.15.0-cp27-cp27m-manylinux1_x86_64.whl", hash = "sha256:41d45de54cd277a7878919867c0f08b0cf817605e4eb94093e7516505d3c8d14"},
    {file = "cffi-1.15.0-cp27-cp27m-win32.whl", hash = "sha256:4a306fa632e8f0928956a41fa8e1d6243c71e7eb59ffbd165fc0b41e316b2474"},
    {file = "cffi-1.15.0-cp27-cp27m-win_amd64.whl", hash = "sha256:e7022a66d9b55e93e1a845d8c9eba2a1bebd4966cd8bfc25d9cd07d515b33fa6"},
    {file = "cffi-1.15.0-cp27-cp27mu-manylinux1_i686.whl", hash = "sha256:14cd121ea63ecdae71efa69c15c5543a4b5fbcd0bbe2aad864baca0063cecf27"},
    {file = "cffi-1.15.0-cp27-cp27mu-manylinux1_x86_64.whl", hash = "sha256:d4d692a89c5cf08a8557fdeb329b82e7bf609aadfaed6c0d79f5a449a3c7c023"},
    {file = "cffi-1.15.0-cp310-cp310-macosx_10_9_x86_64.whl", hash = "sha256:0104fb5ae2391d46a4cb082abdd5c69ea4eab79d8d44eaaf79f1b1fd806ee4c2"},
    {file = "cffi-1.15.0-cp310-cp310-macosx_11_0_arm64.whl", hash = "sha256:91ec59c33514b7c7559a6acda53bbfe1b283949c34fe7440bcf917f96ac0723e"},
    {file = "cffi-1.15.0-cp310-cp310-manylinux_2_12_i686.manylinux2010_i686.whl", hash = "sha256:f5c7150ad32ba43a07c4479f40241756145a1f03b43480e058cfd862bf5041c7"},
    {file = "cffi-1.15.0-cp310-cp310-manylinux_2_12_x86_64.manylinux2010_x86_64.whl", hash = "sha256:00c878c90cb53ccfaae6b8bc18ad05d2036553e6d9d1d9dbcf323bbe83854ca3"},
    {file = "cffi-1.15.0-cp310-cp310-manylinux_2_17_aarch64.manylinux2014_aarch64.whl", hash = "sha256:abb9a20a72ac4e0fdb50dae135ba5e77880518e742077ced47eb1499e29a443c"},
    {file = "cffi-1.15.0-cp310-cp310-manylinux_2_17_ppc64le.manylinux2014_ppc64le.whl", hash = "sha256:a5263e363c27b653a90078143adb3d076c1a748ec9ecc78ea2fb916f9b861962"},
    {file = "cffi-1.15.0-cp310-cp310-manylinux_2_17_s390x.manylinux2014_s390x.whl", hash = "sha256:f54a64f8b0c8ff0b64d18aa76675262e1700f3995182267998c31ae974fbc382"},
    {file = "cffi-1.15.0-cp310-cp310-win32.whl", hash = "sha256:c21c9e3896c23007803a875460fb786118f0cdd4434359577ea25eb556e34c55"},
    {file = "cffi-1.15.0-cp310-cp310-win_amd64.whl", hash = "sha256:5e069f72d497312b24fcc02073d70cb989045d1c91cbd53979366077959933e0"},
    {file = "cffi-1.15.0-cp36-cp36m-macosx_10_9_x86_64.whl", hash = "sha256:64d4ec9f448dfe041705426000cc13e34e6e5bb13736e9fd62e34a0b0c41566e"},
    {file = "cffi-1.15.0-cp36-cp36m-manylinux_2_17_aarch64.manylinux2014_aarch64.whl", hash = "sha256:2756c88cbb94231c7a147402476be2c4df2f6078099a6f4a480d239a8817ae39"},
    {file = "cffi-1.15.0-cp36-cp36m-manylinux_2_17_ppc64le.manylinux2014_ppc64le.whl", hash = "sha256:3b96a311ac60a3f6be21d2572e46ce67f09abcf4d09344c49274eb9e0bf345fc"},
    {file = "cffi-1.15.0-cp36-cp36m-manylinux_2_17_s390x.manylinux2014_s390x.whl", hash = "sha256:75e4024375654472cc27e91cbe9eaa08567f7fbdf822638be2814ce059f58032"},
    {file = "cffi-1.15.0-cp36-cp36m-manylinux_2_5_i686.manylinux1_i686.whl", hash = "sha256:59888172256cac5629e60e72e86598027aca6bf01fa2465bdb676d37636573e8"},
    {file = "cffi-1.15.0-cp36-cp36m-manylinux_2_5_x86_64.manylinux1_x86_64.whl", hash = "sha256:27c219baf94952ae9d50ec19651a687b826792055353d07648a5695413e0c605"},
    {file = "cffi-1.15.0-cp36-cp36m-win32.whl", hash = "sha256:4958391dbd6249d7ad855b9ca88fae690783a6be9e86df65865058ed81fc860e"},
    {file = "cffi-1.15.0-cp36-cp36m-win_amd64.whl", hash = "sha256:f6f824dc3bce0edab5f427efcfb1d63ee75b6fcb7282900ccaf925be84efb0fc"},
    {file = "cffi-1.15.0-cp37-cp37m-macosx_10_9_x86_64.whl", hash = "sha256:06c48159c1abed75c2e721b1715c379fa3200c7784271b3c46df01383b593636"},
    {file = "cffi-1.15.0-cp37-cp37m-manylinux_2_12_i686.manylinux2010_i686.whl", hash = "sha256:c2051981a968d7de9dd2d7b87bcb9c939c74a34626a6e2f8181455dd49ed69e4"},
    {file = "cffi-1.15.0-cp37-cp37m-manylinux_2_12_x86_64.manylinux2010_x86_64.whl", hash = "sha256:fd8a250edc26254fe5b33be00402e6d287f562b6a5b2152dec302fa15bb3e997"},
    {file = "cffi-1.15.0-cp37-cp37m-manylinux_2_17_aarch64.manylinux2014_aarch64.whl", hash = "sha256:91d77d2a782be4274da750752bb1650a97bfd8f291022b379bb8e01c66b4e96b"},
    {file = "cffi-1.15.0-cp37-cp37m-manylinux_2_17_ppc64le.manylinux2014_ppc64le.whl", hash = "sha256:45db3a33139e9c8f7c09234b5784a5e33d31fd6907800b316decad50af323ff2"},
    {file = "cffi-1.15.0-cp37-cp37m-manylinux_2_17_s390x.manylinux2014_s390x.whl", hash = "sha256:263cc3d821c4ab2213cbe8cd8b355a7f72a8324577dc865ef98487c1aeee2bc7"},
    {file = "cffi-1.15.0-cp37-cp37m-win32.whl", hash = "sha256:17771976e82e9f94976180f76468546834d22a7cc404b17c22df2a2c81db0c66"},
    {file = "cffi-1.15.0-cp37-cp37m-win_amd64.whl", hash = "sha256:3415c89f9204ee60cd09b235810be700e993e343a408693e80ce7f6a40108029"},
    {file = "cffi-1.15.0-cp38-cp38-macosx_10_9_x86_64.whl", hash = "sha256:4238e6dab5d6a8ba812de994bbb0a79bddbdf80994e4ce802b6f6f3142fcc880"},
    {file = "cffi-1.15.0-cp38-cp38-manylinux_2_12_i686.manylinux2010_i686.whl", hash = "sha256:0808014eb713677ec1292301ea4c81ad277b6cdf2fdd90fd540af98c0b101d20"},
    {file = "cffi-1.15.0-cp38-cp38-manylinux_2_12_x86_64.manylinux2010_x86_64.whl", hash = "sha256:57e9ac9ccc3101fac9d6014fba037473e4358ef4e89f8e181f8951a2c0162024"},
    {file = "cffi-1.15.0-cp38-cp38-manylinux_2_17_aarch64.manylinux2014_aarch64.whl", hash = "sha256:8b6c2ea03845c9f501ed1313e78de148cd3f6cad741a75d43a29b43da27f2e1e"},
    {file = "cffi-1.15.0-cp38-cp38-manylinux_2_17_ppc64le.manylinux2014_ppc64le.whl", hash = "sha256:10dffb601ccfb65262a27233ac273d552ddc4d8ae1bf93b21c94b8511bffe728"},
    {file = "cffi-1.15.0-cp38-cp38-manylinux_2_17_s390x.manylinux2014_s390x.whl", hash = "sha256:786902fb9ba7433aae840e0ed609f45c7bcd4e225ebb9c753aa39725bb3e6ad6"},
    {file = "cffi-1.15.0-cp38-cp38-win32.whl", hash = "sha256:da5db4e883f1ce37f55c667e5c0de439df76ac4cb55964655906306918e7363c"},
    {file = "cffi-1.15.0-cp38-cp38-win_amd64.whl", hash = "sha256:181dee03b1170ff1969489acf1c26533710231c58f95534e3edac87fff06c443"},
    {file = "cffi-1.15.0-cp39-cp39-macosx_10_9_x86_64.whl", hash = "sha256:45e8636704eacc432a206ac7345a5d3d2c62d95a507ec70d62f23cd91770482a"},
    {file = "cffi-1.15.0-cp39-cp39-macosx_11_0_arm64.whl", hash = "sha256:31fb708d9d7c3f49a60f04cf5b119aeefe5644daba1cd2a0fe389b674fd1de37"},
    {file = "cffi-1.15.0-cp39-cp39-manylinux_2_12_i686.manylinux2010_i686.whl", hash = "sha256:6dc2737a3674b3e344847c8686cf29e500584ccad76204efea14f451d4cc669a"},
    {file = "cffi-1.15.0-cp39-cp39-manylinux_2_12_x86_64.manylinux2010_x86_64.whl", hash = "sha256:74fdfdbfdc48d3f47148976f49fab3251e550a8720bebc99bf1483f5bfb5db3e"},
    {file = "cffi-1.15.0-cp39-cp39-manylinux_2_17_aarch64.manylinux2014_aarch64.whl", hash = "sha256:ffaa5c925128e29efbde7301d8ecaf35c8c60ffbcd6a1ffd3a552177c8e5e796"},
    {file = "cffi-1.15.0-cp39-cp39-manylinux_2_17_ppc64le.manylinux2014_ppc64le.whl", hash = "sha256:3f7d084648d77af029acb79a0ff49a0ad7e9d09057a9bf46596dac9514dc07df"},
    {file = "cffi-1.15.0-cp39-cp39-manylinux_2_17_s390x.manylinux2014_s390x.whl", hash = "sha256:ef1f279350da2c586a69d32fc8733092fd32cc8ac95139a00377841f59a3f8d8"},
    {file = "cffi-1.15.0-cp39-cp39-win32.whl", hash = "sha256:2a23af14f408d53d5e6cd4e3d9a24ff9e05906ad574822a10563efcef137979a"},
    {file = "cffi-1.15.0-cp39-cp39-win_amd64.whl", hash = "sha256:3773c4d81e6e818df2efbc7dd77325ca0dcb688116050fb2b3011218eda36139"},
    {file = "cffi-1.15.0.tar.gz", hash = "sha256:920f0d66a896c2d99f0adbb391f990a84091179542c205fa53ce5787aff87954"},
]
py = [
    {file = "py-1.11.0-py2.py3-none-any.whl", hash = "sha256:607c53218732647dff4acdfcd50cb62615cedf612e72d1724fb1a0cc6405b378"},
    {file = "py-1.11.0.tar.gz", hash = "sha256:51c75c4126074b472f746a24399ad32f6053d1b34b68d2fa41e558e6f4a98719"},
]
pycodestyle = [
    {file = "pycodestyle-2.8.0-py2.py3-none-any.whl", hash = "sha256:720f8b39dde8b293825e7ff02c475f3077124006db4f440dcbc9a20b76548a20"},
    {file = "pycodestyle-2.8.0.tar.gz", hash = "sha256:eddd5847ef438ea1c7870ca7eb78a9d47ce0cdb4851a5523949f2601d0cbbe7f"},
]
pycparser = [
    {file = "pycparser-2.21-py2.py3-none-any.whl", hash = "sha256:8ee45429555515e1f6b185e78100aea234072576aa43ab53aefcae078162fca9"},
    {file = "pycparser-2.21.tar.gz", hash = "sha256:e644fdec12f7872f86c58ff790da456218b10f863970249516d60a5eaca77206"},
]
pyzmq = [
    {file = "pyzmq-23.1.0-cp310-cp310-macosx_10_15_universal2.whl", hash = "sha256:6d346e551fa64b89d57a4ac74b9bc66703413f02f50093e089e861999ec5cccc"},
    {file = "pyzmq-23.1.0-cp310-cp310-macosx_10_9_x86_64.whl", hash = "sha256:9c7fb691fb07ec7ab99fd173bb0e7e0248d31bf83d484a87b917a342f63812c9"},
    {file = "pyzmq-23.1.0-cp310-cp310-manylinux_2_12_i686.manylinux2010_i686.whl", hash = "sha256:cd82cca9c489e441574804dbda2dd8e114cf3be7935b03de11dade2c9478aea6"},
    {file = "pyzmq-23.1.0-cp310-cp310-manylinux_2_12_x86_64.manylinux2010_x86_64.whl", hash = "sha256:28f9164fb2658b7b414fa0894c75b1a9c61375774cdc1bdb7298beb042a2cd87"},
    {file = "pyzmq-23.1.0-cp310-cp310-manylinux_2_17_aarch64.manylinux2014_aarch64.whl", hash = "sha256:53b2c1326c2e484d450932d2be739f064b7cb572faabec38386098a28516a529"},
    {file = "pyzmq-23.1.0-cp310-cp310-manylinux_2_17_i686.manylinux2014_i686.whl", hash = "sha256:425ba851a6f9892bde1da2024d82e2fe6796bd77e3391fb96665c50fe9d4c6a5"},
    {file = "pyzmq-23.1.0-cp310-cp310-manylinux_2_17_x86_64.manylinux2014_x86_64.whl", hash = "sha256:38f778a74e3889392e949326cfd0e9b2eb37dcbb2980d98fad2c51703d523db2"},
    {file = "pyzmq-23.1.0-cp310-cp310-musllinux_1_1_i686.whl", hash = "sha256:ddf4ad1d651e6c9234945061e1a31fe27a4be0dea21c498b87b186fadf8f5919"},
    {file = "pyzmq-23.1.0-cp310-cp310-musllinux_1_1_x86_64.whl", hash = "sha256:2b08774057ae7ce8a2eb4e7d54db05358234440706ce43a85814500c5d7bd22e"},
    {file = "pyzmq-23.1.0-cp310-cp310-win32.whl", hash = "sha256:67ec63ae3c9c1fa2e077fcb42e77035e2121a04f987464bdf9945a28535d30ad"},
    {file = "pyzmq-23.1.0-cp310-cp310-win_amd64.whl", hash = "sha256:f4c7d370badc60ac94a554bc571a46d03e39d8aacfba8006b334512e184aed59"},
    {file = "pyzmq-23.1.0-cp36-cp36m-macosx_10_9_x86_64.whl", hash = "sha256:f6c9d30888503f2f5f87d6d41f016301352dd98da4a861bd10663c3a2d99d3b5"},
    {file = "pyzmq-23.1.0-cp36-cp36m-manylinux_2_17_aarch64.manylinux2014_aarch64.whl", hash = "sha256:16b832adb5d8716f46051da5533c480250bf126984ce86804db6137a3a7f931b"},
    {file = "pyzmq-23.1.0-cp36-cp36m-manylinux_2_5_i686.manylinux1_i686.whl", hash = "sha256:da72a384a1d7e87490ca71182f3ab469ed21d847adc16b70c34faac5a3b12801"},
    {file = "pyzmq-23.1.0-cp36-cp36m-manylinux_2_5_x86_64.manylinux1_x86_64.whl", hash = "sha256:6ab4b6108e69f63c917cd7ef7217c5727955b1ac90600e44a13ed5312019a014"},
    {file = "pyzmq-23.1.0-cp36-cp36m-musllinux_1_1_i686.whl", hash = "sha256:7626e8384275a7dea6f3d1f749fb5e00299042e9c895fc3dbe24cb154909c242"},
    {file = "pyzmq-23.1.0-cp36-cp36m-musllinux_1_1_x86_64.whl", hash = "sha256:cbc1184349ca6e5112898aa7fc3efa1b1bbae24ab1edc774cfd09cbfd3b091d7"},
    {file = "pyzmq-23.1.0-cp36-cp36m-win32.whl", hash = "sha256:d977df6f7c4109ed1d96ffb6795f6af77114be606ae4556efbfc9cac725db65d"},
    {file = "pyzmq-23.1.0-cp36-cp36m-win_amd64.whl", hash = "sha256:2951c29b8649f3672af9dca8ff61d86310d3664d9629788b1c66422fb13b1239"},
    {file = "pyzmq-23.1.0-cp37-cp37m-macosx_10_9_x86_64.whl", hash = "sha256:bd2a13a0f8367e50347cbac87ae230ae1953935443240238f956bf10668bead6"},
    {file = "pyzmq-23.1.0-cp37-cp37m-manylinux_2_17_aarch64.manylinux2014_aarch64.whl", hash = "sha256:6bd7f18bd4cf51ea8d7e54825902cf36f9d2f35cc51ef618373988d5398b8dd0"},
    {file = "pyzmq-23.1.0-cp37-cp37m-manylinux_2_5_i686.manylinux1_i686.whl", hash = "sha256:fab8a7877275060f7b303e1f91c218069a2814a616b6a5ee2d8a3737deb15915"},
    {file = "pyzmq-23.1.0-cp37-cp37m-manylinux_2_5_x86_64.manylinux1_x86_64.whl", hash = "sha256:894be7d17228e7328cc188096c0162697211ec91761f6812fff12790cbe11c66"},
    {file = "pyzmq-23.1.0-cp37-cp37m-musllinux_1_1_i686.whl", hash = "sha256:bba54f97578943f48f621b4a7afb8eb022370da26a88b88ccc9fee9f3ef7ce45"},
    {file = "pyzmq-23.1.0-cp37-cp37m-musllinux_1_1_x86_64.whl", hash = "sha256:eb0ae5dfda83bbce660179d7b41c1c38fd833a54d2e6d9b258c644f3b75ef94d"},
    {file = "pyzmq-23.1.0-cp37-cp37m-win32.whl", hash = "sha256:523ba7fd4d8fe75ad09c1e574a648892b75a97d0cfc8005727681053ac19555b"},
    {file = "pyzmq-23.1.0-cp37-cp37m-win_amd64.whl", hash = "sha256:6cd53e861bccc0bdc4620f68fb4a91d5bcfe9f4213cf8e200fa498044d33a6dc"},
    {file = "pyzmq-23.1.0-cp38-cp38-macosx_10_9_x86_64.whl", hash = "sha256:81623c67cb71b93b5f7e06c9107f3781738ae86866db830c950223d87af2a235"},
    {file = "pyzmq-23.1.0-cp38-cp38-manylinux_2_12_i686.manylinux2010_i686.whl", hash = "sha256:83f1c76068faf62c32a36dd62dc4db642c2027bbbd960f8f6345b59e9d4dc472"},
    {file = "pyzmq-23.1.0-cp38-cp38-manylinux_2_12_x86_64.manylinux2010_x86_64.whl", hash = "sha256:312e56799410c34797417a4060a8bd37d4db1f06d1ec0c54f7c8fd81e0d90376"},
    {file = "pyzmq-23.1.0-cp38-cp38-manylinux_2_17_aarch64.manylinux2014_aarch64.whl", hash = "sha256:6ff8708fabc9f9bc2949f457d39b4088c9656c4c9ac15fbbbbaafce8f6d07833"},
    {file = "pyzmq-23.1.0-cp38-cp38-musllinux_1_1_i686.whl", hash = "sha256:8c3abf7eab5b76ae162c4fbb16d514a947fc57fd995b64e5ea8ef8ba3b888a69"},
    {file = "pyzmq-23.1.0-cp38-cp38-musllinux_1_1_x86_64.whl", hash = "sha256:4fbcd657cda75574fd1315a4c44bd322bc2e219039fb09f146bbe6f8aef039e9"},
    {file = "pyzmq-23.1.0-cp38-cp38-win32.whl", hash = "sha256:540d7146c3cdc9bbffab039ea067f494eba24d1abe5bd33eb9f963c01e3305d4"},
    {file = "pyzmq-23.1.0-cp38-cp38-win_amd64.whl", hash = "sha256:8679bb1dd723ecbea03b1f96c98972815775fd8ec756c440a14f289c436c472e"},
    {file = "pyzmq-23.1.0-cp39-cp39-macosx_10_15_universal2.whl", hash = "sha256:cfee22e072a382b92ee0709dbb8203dabd52d54258051e770d9d2a81b162530b"},
    {file = "pyzmq-23.1.0-cp39-cp39-macosx_10_9_x86_64.whl", hash = "sha256:68e22c5d3be451e87d47f956b397a7823bfbde2176341bc902fba30f96831d7e"},
    {file = "pyzmq-23.1.0-cp39-cp39-manylinux_2_12_i686.manylinux2010_i686.whl", hash = "sha256:97d6c676dc97d593625d9fc48154f2ffeabb619a1e6fe8d2a5b53f97e3e9bdee"},
    {file = "pyzmq-23.1.0-cp39-cp39-manylinux_2_12_x86_64.manylinux2010_x86_64.whl", hash = "sha256:b3bc3cf200aab74f3d758586ac50295214eda496ac6a6636e0c881c5958d9123"},
    {file = "pyzmq-23.1.0-cp39-cp39-manylinux_2_17_aarch64.manylinux2014_aarch64.whl", hash = "sha256:48bbc2db041ab28eeee4a3e8ada0ed336640946dd5a8e53dbd3805f9dbdcf0dc"},
    {file = "pyzmq-23.1.0-cp39-cp39-musllinux_1_1_i686.whl", hash = "sha256:67a049bcf967a39993858beed873ed3405536019820922d4efacfe35ab3da51a"},
    {file = "pyzmq-23.1.0-cp39-cp39-musllinux_1_1_x86_64.whl", hash = "sha256:3955dd5bbbe02f454655296ee36a66c334c7102a29b8458223d168c0380edfd5"},
    {file = "pyzmq-23.1.0-cp39-cp39-win32.whl", hash = "sha256:8a0f240bf43c29be1bd82d77e602a61c798e9de02e5f8bb7bb414cb814f43236"},
    {file = "pyzmq-23.1.0-cp39-cp39-win_amd64.whl", hash = "sha256:7e7346b2b33dcd4a2171dd8a9870ae283eec8f6231dcbcf237a0f41e74751a50"},
    {file = "pyzmq-23.1.0-pp37-pypy37_pp73-macosx_10_9_x86_64.whl", hash = "sha256:99dd85f0ca1db8d17a01a25c2bbb7784d25a2d39497c6beddbe96bff74194e04"},
    {file = "pyzmq-23.1.0-pp37-pypy37_pp73-manylinux_2_12_i686.manylinux2010_i686.whl", hash = "sha256:563d4281c4dbdf647d93114420151d33f895afc4c46b7115a67a0aa5347e6624"},
    {file = "pyzmq-23.1.0-pp37-pypy37_pp73-manylinux_2_12_x86_64.manylinux2010_x86_64.whl", hash = "sha256:154de02b15422af28b53d29a02de72121ba503634955017255573fc1f995143d"},
    {file = "pyzmq-23.1.0-pp37-pypy37_pp73-win_amd64.whl", hash = "sha256:8757c62f7960cd26122f7aaaf86eda1e016fa85734c3777b8054dd334d7dea4d"},
    {file = "pyzmq-23.1.0-pp38-pypy38_pp73-macosx_10_9_x86_64.whl", hash = "sha256:f6c378b435a26fda8996579c0e324b108d2ca0d01b4661503a75634e5155559f"},
    {file = "pyzmq-23.1.0-pp38-pypy38_pp73-manylinux_2_12_i686.manylinux2010_i686.whl", hash = "sha256:2e2ac40f7a91c740ec68d6db07ae19ea9259c959333c68bee56ab2c799a67d66"},
    {file = "pyzmq-23.1.0-pp38-pypy38_pp73-manylinux_2_12_x86_64.manylinux2010_x86_64.whl", hash = "sha256:ce8ba5ed8b0a7a203922d61cff45ee6001a41a9359f04f00d055a4e988755569"},
    {file = "pyzmq-23.1.0-pp38-pypy38_pp73-win_amd64.whl", hash = "sha256:93332c6972e4c91522c4810e907f3aea067424338071161b39cacded022559df"},
    {file = "pyzmq-23.1.0-pp39-pypy39_pp73-macosx_10_9_x86_64.whl", hash = "sha256:fc32e7d7f98cac3d8d5153ed2cb583158ae3d446a6efb8e28ccb1c54a09f4169"},
    {file = "pyzmq-23.1.0-pp39-pypy39_pp73-manylinux_2_17_i686.manylinux2014_i686.whl", hash = "sha256:86fb683cb9a9c0bb7476988b7957393ecdd22777d87d804442c66e62c99197f9"},
    {file = "pyzmq-23.1.0-pp39-pypy39_pp73-manylinux_2_17_x86_64.manylinux2014_x86_64.whl", hash = "sha256:057176dd3f5ccf5aad4abd662d76b6a39bbf799baaf2f39cd4fdaf2eab326e43"},
    {file = "pyzmq-23.1.0-pp39-pypy39_pp73-win_amd64.whl", hash = "sha256:05ec90a8da618f2398f9d1aa20b18a9ef332992c6ac23e8c866099faad6ef0d6"},
    {file = "pyzmq-23.1.0.tar.gz", hash = "sha256:1df26aa854bdd3a8341bf199064dd6aa6e240f2eaa3c9fa8d217e5d8b868c73e"},
]
toml = [
    {file = "toml-0.10.2-py2.py3-none-any.whl", hash = "sha256:806143ae5bfb6a3c6e736a764057db0e6a0e05e338b5630894a5f779cabb4f9b"},
    {file = "toml-0.10.2.tar.gz", hash = "sha256:b3bda1d108d5dd99f4a20d24d9c348e91c4db7ab1b749200bded2f839ccbe68f"},
]
